
Microsoft Visual Studio Solution File, Format Version 12.00
# Visual Studio Version 17
VisualStudioVersion = 17.3.32804.467
MinimumVisualStudioVersion = 10.0.40219.1
Project("{FAE04EC0-301F-11D3-BF4B-00C04F79EFBC}") = "TestForGitWebApi", "TestForGitWebApi.csproj", "{BDDE7B14-95C5-4192-82D3-55F769400DB1}"
EndProject
Global
	GlobalSection(SolutionConfigurationPlatforms) = preSolution
		Debug|Any CPU = Debug|Any CPU
		Release|Any CPU = Release|Any CPU
	EndGlobalSection
	GlobalSection(ProjectConfigurationPlatforms) = postSolution
		{BDDE7B14-95C5-4192-82D3-55F769400DB1}.Debug|Any CPU.ActiveCfg = Debug|Any CPU
		{BDDE7B14-95C5-4192-82D3-55F769400DB1}.Debug|Any CPU.Build.0 = Debug|Any CPU
		{BDDE7B14-95C5-4192-82D3-55F769400DB1}.Release|Any CPU.ActiveCfg = Release|Any CPU
		{BDDE7B14-95C5-4192-82D3-55F769400DB1}.Release|Any CPU.Build.0 = Release|Any CPU
	EndGlobalSection
	GlobalSection(SolutionProperties) = preSolution
		HideSolutionNode = FALSE
	EndGlobalSection
	GlobalSection(ExtensibilityGlobals) = postSolution
		SolutionGuid = {523A990D-4BC0-4E36-8A18-98F0BFDFAE44}
	EndGlobalSection
EndGlobal
